
Microsoft Visual Studio Solution File, Format Version 12.00
# Visual Studio Version 17
VisualStudioVersion = 17.0.31903.59
MinimumVisualStudioVersion = 10.0.40219.1
Project("{FAE04EC0-301F-11D3-BF4B-00C04F79EFBC}") = "CSharpTask", "CSharpTask\CSharpTask.csproj", "{D0AEEA97-5DB8-4D40-AF2D-BCCABFEDD7E9}"
EndProject
Project("{FAE04EC0-301F-11D3-BF4B-00C04F79EFBC}") = "CSharpTask.ExampleApp", "CSharpTask.ExampleApp\CSharpTask.ExampleApp.csproj", "{A2717110-39B2-4A13-AD05-6FAE48D5559F}"
EndProject
Global
	GlobalSection(SolutionConfigurationPlatforms) = preSolution
		Debug|Any CPU = Debug|Any CPU
		Release|Any CPU = Release|Any CPU
	EndGlobalSection
	GlobalSection(SolutionProperties) = preSolution
		HideSolutionNode = FALSE
	EndGlobalSection
	GlobalSection(ProjectConfigurationPlatforms) = postSolution
		{D0AEEA97-5DB8-4D40-AF2D-BCCABFEDD7E9}.Debug|Any CPU.ActiveCfg = Debug|Any CPU
		{D0AEEA97-5DB8-4D40-AF2D-BCCABFEDD7E9}.Debug|Any CPU.Build.0 = Debug|Any CPU
		{D0AEEA97-5DB8-4D40-AF2D-BCCABFEDD7E9}.Release|Any CPU.ActiveCfg = Release|Any CPU
		{D0AEEA97-5DB8-4D40-AF2D-BCCABFEDD7E9}.Release|Any CPU.Build.0 = Release|Any CPU
		{A2717110-39B2-4A13-AD05-6FAE48D5559F}.Debug|Any CPU.ActiveCfg = Debug|Any CPU
		{A2717110-39B2-4A13-AD05-6FAE48D5559F}.Debug|Any CPU.Build.0 = Debug|Any CPU
		{A2717110-39B2-4A13-AD05-6FAE48D5559F}.Release|Any CPU.ActiveCfg = Release|Any CPU
		{A2717110-39B2-4A13-AD05-6FAE48D5559F}.Release|Any CPU.Build.0 = Release|Any CPU
	EndGlobalSection
EndGlobal
